
Microsoft Visual Studio Solution File, Format Version 12.00
# Visual Studio Version 16
VisualStudioVersion = 16.0.34114.132
MinimumVisualStudioVersion = 10.0.40219.1
Project("{FAE04EC0-301F-11D3-BF4B-00C04F79EFBC}") = "BankProject_Sample", "BankProject_Sample.csproj", "{885CA1F2-CBDC-4746-90FA-11ED4D2074A6}"
EndProject
Global
	GlobalSection(SolutionConfigurationPlatforms) = preSolution
		Debug|Any CPU = Debug|Any CPU
		Release|Any CPU = Release|Any CPU
	EndGlobalSection
	GlobalSection(ProjectConfigurationPlatforms) = postSolution
		{885CA1F2-CBDC-4746-90FA-11ED4D2074A6}.Debug|Any CPU.ActiveCfg = Debug|Any CPU
		{885CA1F2-CBDC-4746-90FA-11ED4D2074A6}.Debug|Any CPU.Build.0 = Debug|Any CPU
		{885CA1F2-CBDC-4746-90FA-11ED4D2074A6}.Release|Any CPU.ActiveCfg = Release|Any CPU
		{885CA1F2-CBDC-4746-90FA-11ED4D2074A6}.Release|Any CPU.Build.0 = Release|Any CPU
	EndGlobalSection
	GlobalSection(SolutionProperties) = preSolution
		HideSolutionNode = FALSE
	EndGlobalSection
	GlobalSection(ExtensibilityGlobals) = postSolution
		SolutionGuid = {8D462529-1AFF-4DCF-AFC2-9145C071F2E9}
	EndGlobalSection
EndGlobal
